
Microsoft Visual Studio Solution File, Format Version 12.00
# Visual Studio Version 17
VisualStudioVersion = 17.1.32328.378
MinimumVisualStudioVersion = 10.0.40219.1
Project("{FAE04EC0-301F-11D3-BF4B-00C04F79EFBC}") = "testWPF", "testWPF\testWPF.csproj", "{0E93A4E9-650F-490A-9122-4C7F3CD21755}"
EndProject
Global
	GlobalSection(SolutionConfigurationPlatforms) = preSolution
		Debug|Any CPU = Debug|Any CPU
		Release|Any CPU = Release|Any CPU
	EndGlobalSection
	GlobalSection(ProjectConfigurationPlatforms) = postSolution
		{0E93A4E9-650F-490A-9122-4C7F3CD21755}.Debug|Any CPU.ActiveCfg = Debug|Any CPU
		{0E93A4E9-650F-490A-9122-4C7F3CD21755}.Debug|Any CPU.Build.0 = Debug|Any CPU
		{0E93A4E9-650F-490A-9122-4C7F3CD21755}.Release|Any CPU.ActiveCfg = Release|Any CPU
		{0E93A4E9-650F-490A-9122-4C7F3CD21755}.Release|Any CPU.Build.0 = Release|Any CPU
	EndGlobalSection
	GlobalSection(SolutionProperties) = preSolution
		HideSolutionNode = FALSE
	EndGlobalSection
	GlobalSection(ExtensibilityGlobals) = postSolution
		SolutionGuid = {193E86DE-E79B-4C19-AE9C-C31952E41C04}
	EndGlobalSection
EndGlobal
